// !$*UTF8*$!
{
	archiveVersion = 1;
	classes = {
	};
	objectVersion = 46;
	objects = {

/* Begin PBXBuildFile section */
		FDEB8D9F1D6AEDB30016CF79 /* main.m in Sources */ = {isa = PBXBuildFile; fileRef = FDEB8D9E1D6AEDB30016CF79 /* main.m */; };
		FDEB8DA21D6AEDB30016CF79 /* AppDelegate.m in Sources */ = {isa = PBXBuildFile; fileRef = FDEB8DA11D6AEDB30016CF79 /* AppDelegate.m */; };
		FDEB8DA51D6AEDB30016CF79 /* ViewController.m in Sources */ = {isa = PBXBuildFile; fileRef = FDEB8DA41D6AEDB30016CF79 /* ViewController.m */; };
		FDEB8DA81D6AEDB30016CF79 /* Main.storyboard in Resources */ = {isa = PBXBuildFile; fileRef = FDEB8DA61D6AEDB30016CF79 /* Main.storyboard */; };
		FDEB8DAA1D6AEDB30016CF79 /* Assets.xcassets in Resources */ = {isa = PBXBuildFile; fileRef = FDEB8DA91D6AEDB30016CF79 /* Assets.xcassets */; };
		FDEB8DAD1D6AEDB30016CF79 /* LaunchScreen.storyboard in Resources */ = {isa = PBXBuildFile; fileRef = FDEB8DAB1D6AEDB30016CF79 /* LaunchScreen.storyboard */; };
		FDEB8DB81D6AEDB30016CF79 /* CustomNavigationTransitionTests.m in Sources */ = {isa = PBXBuildFile; fileRef = FDEB8DB71D6AEDB30016CF79 /* CustomNavigationTransitionTests.m */; };
		FDEB8DC31D6AEDB30016CF79 /* CustomNavigationTransitionUITests.m in Sources */ = {isa = PBXBuildFile; fileRef = FDEB8DC21D6AEDB30016CF79 /* CustomNavigationTransitionUITests.m */; };
		FDEB8DD31D6AEDE20016CF79 /* ImageCollectionViewController.m in Sources */ = {isa = PBXBuildFile; fileRef = FDEB8DD11D6AEDE20016CF79 /* ImageCollectionViewController.m */; };
		FDEB8DD41D6AEDE20016CF79 /* ImageCollectionViewController.xib in Resources */ = {isa = PBXBuildFile; fileRef = FDEB8DD21D6AEDE20016CF79 /* ImageCollectionViewController.xib */; };
		FDEB8DE81D6AFBAE0016CF79 /* 1.JPG in Resources */ = {isa = PBXBuildFile; fileRef = FDEB8DD61D6AFBAE0016CF79 /* 1.JPG */; };
		FDEB8DE91D6AFBAE0016CF79 /* 10.JPG in Resources */ = {isa = PBXBuildFile; fileRef = FDEB8DD71D6AFBAE0016CF79 /* 10.JPG */; };
		FDEB8DEA1D6AFBAE0016CF79 /* 11.JPG in Resources */ = {isa = PBXBuildFile; fileRef = FDEB8DD81D6AFBAE0016CF79 /* 11.JPG */; };
		FDEB8DEB1D6AFBAE0016CF79 /* 12.JPG in Resources */ = {isa = PBXBuildFile; fileRef = FDEB8DD91D6AFBAE0016CF79 /* 12.JPG */; };
		FDEB8DEC1D6AFBAE0016CF79 /* 13.JPG in Resources */ = {isa = PBXBuildFile; fileRef = FDEB8DDA1D6AFBAE0016CF79 /* 13.JPG */; };
		FDEB8DED1D6AFBAE0016CF79 /* 14.JPG in Resources */ = {isa = PBXBuildFile; fileRef = FDEB8DDB1D6AFBAE0016CF79 /* 14.JPG */; };
		FDEB8DEE1D6AFBAE0016CF79 /* 15.JPG in Resources */ = {isa = PBXBuildFile; fileRef = FDEB8DDC1D6AFBAE0016CF79 /* 15.JPG */; };
		FDEB8DEF1D6AFBAE0016CF79 /* 16.jpg in Resources */ = {isa = PBXBuildFile; fileRef = FDEB8DDD1D6AFBAE0016CF79 /* 16.jpg */; };
		FDEB8DF01D6AFBAE0016CF79 /* 17.JPG in Resources */ = {isa = PBXBuildFile; fileRef = FDEB8DDE1D6AFBAE0016CF79 /* 17.JPG */; };
		FDEB8DF11D6AFBAE0016CF79 /* 18.JPG in Resources */ = {isa = PBXBuildFile; fileRef = FDEB8DDF1D6AFBAE0016CF79 /* 18.JPG */; };
		FDEB8DF21D6AFBAE0016CF79 /* 2.jpg in Resources */ = {isa = PBXBuildFile; fileRef = FDEB8DE01D6AFBAE0016CF79 /* 2.jpg */; };
		FDEB8DF31D6AFBAE0016CF79 /* 3.JPG in Resources */ = {isa = PBXBuildFile; fileRef = FDEB8DE11D6AFBAE0016CF79 /* 3.JPG */; };
		FDEB8DF41D6AFBAE0016CF79 /* 4.JPG in Resources */ = {isa = PBXBuildFile; fileRef = FDEB8DE21D6AFBAE0016CF79 /* 4.JPG */; };
		FDEB8DF51D6AFBAE0016CF79 /* 5.JPG in Resources */ = {isa = PBXBuildFile; fileRef = FDEB8DE31D6AFBAE0016CF79 /* 5.JPG */; };
		FDEB8DF61D6AFBAE0016CF79 /* 6.JPG in Resources */ = {isa = PBXBuildFile; fileRef = FDEB8DE41D6AFBAE0016CF79 /* 6.JPG */; };
		FDEB8DF71D6AFBAE0016CF79 /* 7.JPG in Resources */ = {isa = PBXBuildFile; fileRef = FDEB8DE51D6AFBAE0016CF79 /* 7.JPG */; };
		FDEB8DF81D6AFBAE0016CF79 /* 8.JPG in Resources */ = {isa = PBXBuildFile; fileRef = FDEB8DE61D6AFBAE0016CF79 /* 8.JPG */; };
		FDEB8DF91D6AFBAE0016CF79 /* 9.JPG in Resources */ = {isa = PBXBuildFile; fileRef = FDEB8DE71D6AFBAE0016CF79 /* 9.JPG */; };
		FDEB8E021D6AFCF70016CF79 /* ImageCollectionViewCell.m in Sources */ = {isa = PBXBuildFile; fileRef = FDEB8E001D6AFCF70016CF79 /* ImageCollectionViewCell.m */; };
		FDEB8E031D6AFCF70016CF79 /* ImageCollectionViewCell.xib in Resources */ = {isa = PBXBuildFile; fileRef = FDEB8E011D6AFCF70016CF79 /* ImageCollectionViewCell.xib */; };
		FDEB8E081D6B00B20016CF79 /* DetailViewController.m in Sources */ = {isa = PBXBuildFile; fileRef = FDEB8E061D6B00B20016CF79 /* DetailViewController.m */; };
		FDEB8E091D6B00B20016CF79 /* DetailViewController.xib in Resources */ = {isa = PBXBuildFile; fileRef = FDEB8E071D6B00B20016CF79 /* DetailViewController.xib */; };
		FDEB8E0D1D6B09390016CF79 /* CustomTransition.m in Sources */ = {isa = PBXBuildFile; fileRef = FDEB8E0C1D6B09390016CF79 /* CustomTransition.m */; };
/* End PBXBuildFile section */

/* Begin PBXContainerItemProxy section */
		FDEB8DB41D6AEDB30016CF79 /* PBXContainerItemProxy */ = {
			isa = PBXContainerItemProxy;
			containerPortal = FDEB8D921D6AEDB30016CF79 /* Project object */;
			proxyType = 1;
			remoteGlobalIDString = FDEB8D991D6AEDB30016CF79;
			remoteInfo = CustomNavigationTransition;
		};
		FDEB8DBF1D6AEDB30016CF79 /* PBXContainerItemProxy */ = {
			isa = PBXContainerItemProxy;
			containerPortal = FDEB8D921D6AEDB30016CF79 /* Project object */;
			proxyType = 1;
			remoteGlobalIDString = FDEB8D991D6AEDB30016CF79;
			remoteInfo = CustomNavigationTransition;
		};
/* End PBXContainerItemProxy section */

/* Begin PBXFileReference section */
		FDEB8D9A1D6AEDB30016CF79 /* CustomNavigationTransition.app */ = {isa = PBXFileReference; explicitFileType = wrapper.application; includeInIndex = 0; path = CustomNavigationTransition.app; sourceTree = BUILT_PRODUCTS_DIR; };
		FDEB8D9E1D6AEDB30016CF79 /* main.m */ = {isa = PBXFileReference; lastKnownFileType = sourcecode.c.objc; path = main.m; sourceTree = "<group>"; };
		FDEB8DA01D6AEDB30016CF79 /* AppDelegate.h */ = {isa = PBXFileReference; lastKnownFileType = sourcecode.c.h; path = AppDelegate.h; sourceTree = "<group>"; };
		FDEB8DA11D6AEDB30016CF79 /* AppDelegate.m */ = {isa = PBXFileReference; lastKnownFileType = sourcecode.c.objc; path = AppDelegate.m; sourceTree = "<group>"; };
		FDEB8DA31D6AEDB30016CF79 /* ViewController.h */ = {isa = PBXFileReference; lastKnownFileType = sourcecode.c.h; path = ViewController.h; sourceTree = "<group>"; };
		FDEB8DA41D6AEDB30016CF79 /* ViewController.m */ = {isa = PBXFileReference; lastKnownFileType = sourcecode.c.objc; path = ViewController.m; sourceTree = "<group>"; };
		FDEB8DA71D6AEDB30016CF79 /* Base */ = {isa = PBXFileReference; lastKnownFileType = file.storyboard; name = Base; path = Base.lproj/Main.storyboard; sourceTree = "<group>"; };
		FDEB8DA91D6AEDB30016CF79 /* Assets.xcassets */ = {isa = PBXFileReference; lastKnownFileType = folder.assetcatalog; path = Assets.xcassets; sourceTree = "<group>"; };
		FDEB8DAC1D6AEDB30016CF79 /* Base */ = {isa = PBXFileReference; lastKnownFileType = file.storyboard; name = Base; path = Base.lproj/LaunchScreen.storyboard; sourceTree = "<group>"; };
		FDEB8DAE1D6AEDB30016CF79 /* Info.plist */ = {isa = PBXFileReference; lastKnownFileType = text.plist.xml; path = Info.plist; sourceTree = "<group>"; };
		FDEB8DB31D6AEDB30016CF79 /* CustomNavigationTransitionTests.xctest */ = {isa = PBXFileReference; explicitFileType = wrapper.cfbundle; includeInIndex = 0; path = CustomNavigationTransitionTests.xctest; sourceTree = BUILT_PRODUCTS_DIR; };
		FDEB8DB71D6AEDB30016CF79 /* CustomNavigationTransitionTests.m */ = {isa = PBXFileReference; lastKnownFileType = sourcecode.c.objc; path = CustomNavigationTransitionTests.m; sourceTree = "<group>"; };
		FDEB8DB91D6AEDB30016CF79 /* Info.plist */ = {isa = PBXFileReference; lastKnownFileType = text.plist.xml; path = Info.plist; sourceTree = "<group>"; };
		FDEB8DBE1D6AEDB30016CF79 /* CustomNavigationTransitionUITests.xctest */ = {isa = PBXFileReference; explicitFileType = wrapper.cfbundle; includeInIndex = 0; path = CustomNavigationTransitionUITests.xctest; sourceTree = BUILT_PRODUCTS_DIR; };
		FDEB8DC21D6AEDB30016CF79 /* CustomNavigationTransitionUITests.m */ = {isa = PBXFileReference; lastKnownFileType = sourcecode.c.objc; path = CustomNavigationTransitionUITests.m; sourceTree = "<group>"; };
		FDEB8DC41D6AEDB30016CF79 /* Info.plist */ = {isa = PBXFileReference; lastKnownFileType = text.plist.xml; path = Info.plist; sourceTree = "<group>"; };
		FDEB8DD01D6AEDE20016CF79 /* ImageCollectionViewController.h */ = {isa = PBXFileReference; fileEncoding = 4; lastKnownFileType = sourcecode.c.h; path = ImageCollectionViewController.h; sourceTree = "<group>"; };
		FDEB8DD11D6AEDE20016CF79 /* ImageCollectionViewController.m */ = {isa = PBXFileReference; fileEncoding = 4; lastKnownFileType = sourcecode.c.objc; path = ImageCollectionViewController.m; sourceTree = "<group>"; };
		FDEB8DD21D6AEDE20016CF79 /* ImageCollectionViewController.xib */ = {isa = PBXFileReference; fileEncoding = 4; lastKnownFileType = file.xib; path = ImageCollectionViewController.xib; sourceTree = "<group>"; };
		FDEB8DD61D6AFBAE0016CF79 /* 1.JPG */ = {isa = PBXFileReference; lastKnownFileType = image.jpeg; path = 1.JPG; sourceTree = "<group>"; };
		FDEB8DD71D6AFBAE0016CF79 /* 10.JPG */ = {isa = PBXFileReference; lastKnownFileType = image.jpeg; path = 10.JPG; sourceTree = "<group>"; };
		FDEB8DD81D6AFBAE0016CF79 /* 11.JPG */ = {isa = PBXFileReference; lastKnownFileType = image.jpeg; path = 11.JPG; sourceTree = "<group>"; };
		FDEB8DD91D6AFBAE0016CF79 /* 12.JPG */ = {isa = PBXFileReference; lastKnownFileType = image.jpeg; path = 12.JPG; sourceTree = "<group>"; };
		FDEB8DDA1D6AFBAE0016CF79 /* 13.JPG */ = {isa = PBXFileReference; lastKnownFileType = image.jpeg; path = 13.JPG; sourceTree = "<group>"; };
		FDEB8DDB1D6AFBAE0016CF79 /* 14.JPG */ = {isa = PBXFileReference; lastKnownFileType = image.jpeg; path = 14.JPG; sourceTree = "<group>"; };
		FDEB8DDC1D6AFBAE0016CF79 /* 15.JPG */ = {isa = PBXFileReference; lastKnownFileType = image.jpeg; path = 15.JPG; sourceTree = "<group>"; };
		FDEB8DDD1D6AFBAE0016CF79 /* 16.jpg */ = {isa = PBXFileReference; lastKnownFileType = image.jpeg; path = 16.jpg; sourceTree = "<group>"; };
		FDEB8DDE1D6AFBAE0016CF79 /* 17.JPG */ = {isa = PBXFileReference; lastKnownFileType = image.jpeg; path = 17.JPG; sourceTree = "<group>"; };
		FDEB8DDF1D6AFBAE0016CF79 /* 18.JPG */ = {isa = PBXFileReference; lastKnownFileType = image.jpeg; path = 18.JPG; sourceTree = "<group>"; };
		FDEB8DE01D6AFBAE0016CF79 /* 2.jpg */ = {isa = PBXFileReference; lastKnownFileType = image.jpeg; path = 2.jpg; sourceTree = "<group>"; };
		FDEB8DE11D6AFBAE0016CF79 /* 3.JPG */ = {isa = PBXFileReference; lastKnownFileType = image.jpeg; path = 3.JPG; sourceTree = "<group>"; };
		FDEB8DE21D6AFBAE0016CF79 /* 4.JPG */ = {isa = PBXFileReference; lastKnownFileType = image.jpeg; path = 4.JPG; sourceTree = "<group>"; };
		FDEB8DE31D6AFBAE0016CF79 /* 5.JPG */ = {isa = PBXFileReference; lastKnownFileType = image.jpeg; path = 5.JPG; sourceTree = "<group>"; };
		FDEB8DE41D6AFBAE0016CF79 /* 6.JPG */ = {isa = PBXFileReference; lastKnownFileType = image.jpeg; path = 6.JPG; sourceTree = "<group>"; };
		FDEB8DE51D6AFBAE0016CF79 /* 7.JPG */ = {isa = PBXFileReference; lastKnownFileType = image.jpeg; path = 7.JPG; sourceTree = "<group>"; };
		FDEB8DE61D6AFBAE0016CF79 /* 8.JPG */ = {isa = PBXFileReference; lastKnownFileType = image.jpeg; path = 8.JPG; sourceTree = "<group>"; };
		FDEB8DE71D6AFBAE0016CF79 /* 9.JPG */ = {isa = PBXFileReference; lastKnownFileType = image.jpeg; path = 9.JPG; sourceTree = "<group>"; };
		FDEB8DFF1D6AFCF70016CF79 /* ImageCollectionViewCell.h */ = {isa = PBXFileReference; fileEncoding = 4; lastKnownFileType = sourcecode.c.h; path = ImageCollectionViewCell.h; sourceTree = "<group>"; };
		FDEB8E001D6AFCF70016CF79 /* ImageCollectionViewCell.m */ = {isa = PBXFileReference; fileEncoding = 4; lastKnownFileType = sourcecode.c.objc; path = ImageCollectionViewCell.m; sourceTree = "<group>"; };
		FDEB8E011D6AFCF70016CF79 /* ImageCollectionViewCell.xib */ = {isa = PBXFileReference; fileEncoding = 4; lastKnownFileType = file.xib; path = ImageCollectionViewCell.xib; sourceTree = "<group>"; };
		FDEB8E051D6B00B20016CF79 /* DetailViewController.h */ = {isa = PBXFileReference; fileEncoding = 4; lastKnownFileType = sourcecode.c.h; name = DetailViewController.h; path = CustomNavigationTransition/DetailsViewController/DetailViewController.h; sourceTree = SOURCE_ROOT; };
		FDEB8E061D6B00B20016CF79 /* DetailViewController.m */ = {isa = PBXFileReference; fileEncoding = 4; lastKnownFileType = sourcecode.c.objc; name = DetailViewController.m; path = CustomNavigationTransition/DetailsViewController/DetailViewController.m; sourceTree = SOURCE_ROOT; };
		FDEB8E071D6B00B20016CF79 /* DetailViewController.xib */ = {isa = PBXFileReference; fileEncoding = 4; lastKnownFileType = file.xib; name = DetailViewController.xib; path = CustomNavigationTransition/DetailsViewController/DetailViewController.xib; sourceTree = SOURCE_ROOT; };
		FDEB8E0B1D6B09390016CF79 /* CustomTransition.h */ = {isa = PBXFileReference; fileEncoding = 4; lastKnownFileType = sourcecode.c.h; name = CustomTransition.h; path = CustomTransotion/CustomTransition.h; sourceTree = "<group>"; };
		FDEB8E0C1D6B09390016CF79 /* CustomTransition.m */ = {isa = PBXFileReference; fileEncoding = 4; lastKnownFileType = sourcecode.c.objc; name = CustomTransition.m; path = CustomTransotion/CustomTransition.m; sourceTree = "<group>"; };
/* End PBXFileReference section */

/* Begin PBXFrameworksBuildPhase section */
		FDEB8D971D6AEDB30016CF79 /* Frameworks */ = {
			isa = PBXFrameworksBuildPhase;
			buildActionMask = 2147483647;
			files = (
			);
			runOnlyForDeploymentPostprocessing = 0;
		};
		FDEB8DB01D6AEDB30016CF79 /* Frameworks */ = {
			isa = PBXFrameworksBuildPhase;
			buildActionMask = 2147483647;
			files = (
			);
			runOnlyForDeploymentPostprocessing = 0;
		};
		FDEB8DBB1D6AEDB30016CF79 /* Frameworks */ = {
			isa = PBXFrameworksBuildPhase;
			buildActionMask = 2147483647;
			files = (
			);
			runOnlyForDeploymentPostprocessing = 0;
		};
/* End PBXFrameworksBuildPhase section */

/* Begin PBXGroup section */
		FDEB8D911D6AEDB30016CF79 = {
			isa = PBXGroup;
			children = (
				FDEB8D9C1D6AEDB30016CF79 /* CustomNavigationTransition */,
				FDEB8DB61D6AEDB30016CF79 /* CustomNavigationTransitionTests */,
				FDEB8DC11D6AEDB30016CF79 /* CustomNavigationTransitionUITests */,
				FDEB8D9B1D6AEDB30016CF79 /* Products */,
			);
			sourceTree = "<group>";
		};
		FDEB8D9B1D6AEDB30016CF79 /* Products */ = {
			isa = PBXGroup;
			children = (
				FDEB8D9A1D6AEDB30016CF79 /* CustomNavigationTransition.app */,
				FDEB8DB31D6AEDB30016CF79 /* CustomNavigationTransitionTests.xctest */,
				FDEB8DBE1D6AEDB30016CF79 /* CustomNavigationTransitionUITests.xctest */,
			);
			name = Products;
			sourceTree = "<group>";
		};
		FDEB8D9C1D6AEDB30016CF79 /* CustomNavigationTransition */ = {
			isa = PBXGroup;
			children = (
				FDEB8E0A1D6B08FF0016CF79 /* TransitionClass */,
				FDEB8DA01D6AEDB30016CF79 /* AppDelegate.h */,
				FDEB8DA11D6AEDB30016CF79 /* AppDelegate.m */,
				FDEB8DA31D6AEDB30016CF79 /* ViewController.h */,
				FDEB8DA41D6AEDB30016CF79 /* ViewController.m */,
				FDEB8DA61D6AEDB30016CF79 /* Main.storyboard */,
				FDEB8E041D6B004E0016CF79 /* DetailViewController */,
				FDEB8DFA1D6AFC890016CF79 /* CollectionView */,
				FDEB8DD51D6AFBAE0016CF79 /* images */,
				FDEB8DA91D6AEDB30016CF79 /* Assets.xcassets */,
				FDEB8DAB1D6AEDB30016CF79 /* LaunchScreen.storyboard */,
				FDEB8DAE1D6AEDB30016CF79 /* Info.plist */,
				FDEB8D9D1D6AEDB30016CF79 /* Supporting Files */,
			);
			path = CustomNavigationTransition;
			sourceTree = "<group>";
		};
		FDEB8D9D1D6AEDB30016CF79 /* Supporting Files */ = {
			isa = PBXGroup;
			children = (
				FDEB8D9E1D6AEDB30016CF79 /* main.m */,
			);
			name = "Supporting Files";
			sourceTree = "<group>";
		};
		FDEB8DB61D6AEDB30016CF79 /* CustomNavigationTransitionTests */ = {
			isa = PBXGroup;
			children = (
				FDEB8DB71D6AEDB30016CF79 /* CustomNavigationTransitionTests.m */,
				FDEB8DB91D6AEDB30016CF79 /* Info.plist */,
			);
			path = CustomNavigationTransitionTests;
			sourceTree = "<group>";
		};
		FDEB8DC11D6AEDB30016CF79 /* CustomNavigationTransitionUITests */ = {
			isa = PBXGroup;
			children = (
				FDEB8DC21D6AEDB30016CF79 /* CustomNavigationTransitionUITests.m */,
				FDEB8DC41D6AEDB30016CF79 /* Info.plist */,
			);
			path = CustomNavigationTransitionUITests;
			sourceTree = "<group>";
		};
		FDEB8DD51D6AFBAE0016CF79 /* images */ = {
			isa = PBXGroup;
			children = (
				FDEB8DD61D6AFBAE0016CF79 /* 1.JPG */,
				FDEB8DD71D6AFBAE0016CF79 /* 10.JPG */,
				FDEB8DD81D6AFBAE0016CF79 /* 11.JPG */,
				FDEB8DD91D6AFBAE0016CF79 /* 12.JPG */,
				FDEB8DDA1D6AFBAE0016CF79 /* 13.JPG */,
				FDEB8DDB1D6AFBAE0016CF79 /* 14.JPG */,
				FDEB8DDC1D6AFBAE0016CF79 /* 15.JPG */,
				FDEB8DDD1D6AFBAE0016CF79 /* 16.jpg */,
				FDEB8DDE1D6AFBAE0016CF79 /* 17.JPG */,
				FDEB8DDF1D6AFBAE0016CF79 /* 18.JPG */,
				FDEB8DE01D6AFBAE0016CF79 /* 2.jpg */,
				FDEB8DE11D6AFBAE0016CF79 /* 3.JPG */,
				FDEB8DE21D6AFBAE0016CF79 /* 4.JPG */,
				FDEB8DE31D6AFBAE0016CF79 /* 5.JPG */,
				FDEB8DE41D6AFBAE0016CF79 /* 6.JPG */,
				FDEB8DE51D6AFBAE0016CF79 /* 7.JPG */,
				FDEB8DE61D6AFBAE0016CF79 /* 8.JPG */,
				FDEB8DE71D6AFBAE0016CF79 /* 9.JPG */,
			);
			name = images;
			path = ../../../../Desktop/images;
			sourceTree = "<group>";
		};
		FDEB8DFA1D6AFC890016CF79 /* CollectionView */ = {
			isa = PBXGroup;
			children = (
				FDEB8DD01D6AEDE20016CF79 /* ImageCollectionViewController.h */,
				FDEB8DD11D6AEDE20016CF79 /* ImageCollectionViewController.m */,
				FDEB8DD21D6AEDE20016CF79 /* ImageCollectionViewController.xib */,
				FDEB8DFB1D6AFCAE0016CF79 /* CollectionCell */,
			);
			name = CollectionView;
			sourceTree = "<group>";
		};
		FDEB8DFB1D6AFCAE0016CF79 /* CollectionCell */ = {
			isa = PBXGroup;
			children = (
				FDEB8DFF1D6AFCF70016CF79 /* ImageCollectionViewCell.h */,
				FDEB8E001D6AFCF70016CF79 /* ImageCollectionViewCell.m */,
				FDEB8E011D6AFCF70016CF79 /* ImageCollectionViewCell.xib */,
			);
			name = CollectionCell;
			sourceTree = "<group>";
		};
		FDEB8E041D6B004E0016CF79 /* DetailViewController */ = {
			isa = PBXGroup;
			children = (
				FDEB8E051D6B00B20016CF79 /* DetailViewController.h */,
				FDEB8E061D6B00B20016CF79 /* DetailViewController.m */,
				FDEB8E071D6B00B20016CF79 /* DetailViewController.xib */,
			);
			name = DetailViewController;
			path = ../../../../Desktop/images;
			sourceTree = "<group>";
		};
		FDEB8E0A1D6B08FF0016CF79 /* TransitionClass */ = {
			isa = PBXGroup;
			children = (
				FDEB8E0B1D6B09390016CF79 /* CustomTransition.h */,
				FDEB8E0C1D6B09390016CF79 /* CustomTransition.m */,
			);
			name = TransitionClass;
			sourceTree = "<group>";
		};
/* End PBXGroup section */

/* Begin PBXNativeTarget section */
		FDEB8D991D6AEDB30016CF79 /* CustomNavigationTransition */ = {
			isa = PBXNativeTarget;
			buildConfigurationList = FDEB8DC71D6AEDB30016CF79 /* Build configuration list for PBXNativeTarget "CustomNavigationTransition" */;
			buildPhases = (
				FDEB8D961D6AEDB30016CF79 /* Sources */,
				FDEB8D971D6AEDB30016CF79 /* Frameworks */,
				FDEB8D981D6AEDB30016CF79 /* Resources */,
			);
			buildRules = (
			);
			dependencies = (
			);
			name = CustomNavigationTransition;
			productName = CustomNavigationTransition;
			productReference = FDEB8D9A1D6AEDB30016CF79 /* CustomNavigationTransition.app */;
			productType = "com.apple.product-type.application";
		};
		FDEB8DB21D6AEDB30016CF79 /* CustomNavigationTransitionTests */ = {
			isa = PBXNativeTarget;
			buildConfigurationList = FDEB8DCA1D6AEDB30016CF79 /* Build configuration list for PBXNativeTarget "CustomNavigationTransitionTests" */;
			buildPhases = (
				FDEB8DAF1D6AEDB30016CF79 /* Sources */,
				FDEB8DB01D6AEDB30016CF79 /* Frameworks */,
				FDEB8DB11D6AEDB30016CF79 /* Resources */,
			);
			buildRules = (
			);
			dependencies = (
				FDEB8DB51D6AEDB30016CF79 /* PBXTargetDependency */,
			);
			name = CustomNavigationTransitionTests;
			productName = CustomNavigationTransitionTests;
			productReference = FDEB8DB31D6AEDB30016CF79 /* CustomNavigationTransitionTests.xctest */;
			productType = "com.apple.product-type.bundle.unit-test";
		};
		FDEB8DBD1D6AEDB30016CF79 /* CustomNavigationTransitionUITests */ = {
			isa = PBXNativeTarget;
			buildConfigurationList = FDEB8DCD1D6AEDB30016CF79 /* Build configuration list for PBXNativeTarget "CustomNavigationTransitionUITests" */;
			buildPhases = (
				FDEB8DBA1D6AEDB30016CF79 /* Sources */,
				FDEB8DBB1D6AEDB30016CF79 /* Frameworks */,
				FDEB8DBC1D6AEDB30016CF79 /* Resources */,
			);
			buildRules = (
			);
			dependencies = (
				FDEB8DC01D6AEDB30016CF79 /* PBXTargetDependency */,
			);
			name = CustomNavigationTransitionUITests;
			productName = CustomNavigationTransitionUITests;
			productReference = FDEB8DBE1D6AEDB30016CF79 /* CustomNavigationTransitionUITests.xctest */;
			productType = "com.apple.product-type.bundle.ui-testing";
		};
/* End PBXNativeTarget section */

/* Begin PBXProject section */
		FDEB8D921D6AEDB30016CF79 /* Project object */ = {
			isa = PBXProject;
			attributes = {
				LastUpgradeCheck = 0730;
				ORGANIZATIONNAME = Headerlabs;
				TargetAttributes = {
					FDEB8D991D6AEDB30016CF79 = {
						CreatedOnToolsVersion = 7.3.1;
					};
					FDEB8DB21D6AEDB30016CF79 = {
						CreatedOnToolsVersion = 7.3.1;
						TestTargetID = FDEB8D991D6AEDB30016CF79;
					};
					FDEB8DBD1D6AEDB30016CF79 = {
						CreatedOnToolsVersion = 7.3.1;
						TestTargetID = FDEB8D991D6AEDB30016CF79;
					};
				};
			};
			buildConfigurationList = FDEB8D951D6AEDB30016CF79 /* Build configuration list for PBXProject "CustomNavigationTransition" */;
			compatibilityVersion = "Xcode 3.2";
			developmentRegion = English;
			hasScannedForEncodings = 0;
			knownRegions = (
				en,
				Base,
			);
			mainGroup = FDEB8D911D6AEDB30016CF79;
			productRefGroup = FDEB8D9B1D6AEDB30016CF79 /* Products */;
			projectDirPath = "";
			projectRoot = "";
			targets = (
				FDEB8D991D6AEDB30016CF79 /* CustomNavigationTransition */,
				FDEB8DB21D6AEDB30016CF79 /* CustomNavigationTransitionTests */,
				FDEB8DBD1D6AEDB30016CF79 /* CustomNavigationTransitionUITests */,
			);
		};
/* End PBXProject section */

/* Begin PBXResourcesBuildPhase section */
		FDEB8D981D6AEDB30016CF79 /* Resources */ = {
			isa = PBXResourcesBuildPhase;
			buildActionMask = 2147483647;
			files = (
				FDEB8DF01D6AFBAE0016CF79 /* 17.JPG in Resources */,
				FDEB8DEE1D6AFBAE0016CF79 /* 15.JPG in Resources */,
				FDEB8DF11D6AFBAE0016CF79 /* 18.JPG in Resources */,
				FDEB8DED1D6AFBAE0016CF79 /* 14.JPG in Resources */,
				FDEB8DEB1D6AFBAE0016CF79 /* 12.JPG in Resources */,
				FDEB8DE91D6AFBAE0016CF79 /* 10.JPG in Resources */,
				FDEB8E031D6AFCF70016CF79 /* ImageCollectionViewCell.xib in Resources */,
				FDEB8DEF1D6AFBAE0016CF79 /* 16.jpg in Resources */,
				FDEB8DF31D6AFBAE0016CF79 /* 3.JPG in Resources */,
				FDEB8DD41D6AEDE20016CF79 /* ImageCollectionViewController.xib in Resources */,
				FDEB8DF81D6AFBAE0016CF79 /* 8.JPG in Resources */,
				FDEB8DF51D6AFBAE0016CF79 /* 5.JPG in Resources */,
				FDEB8DF91D6AFBAE0016CF79 /* 9.JPG in Resources */,
				FDEB8DEA1D6AFBAE0016CF79 /* 11.JPG in Resources */,
				FDEB8DF41D6AFBAE0016CF79 /* 4.JPG in Resources */,
				FDEB8DAD1D6AEDB30016CF79 /* LaunchScreen.storyboard in Resources */,
				FDEB8DE81D6AFBAE0016CF79 /* 1.JPG in Resources */,
				FDEB8DEC1D6AFBAE0016CF79 /* 13.JPG in Resources */,
				FDEB8DF71D6AFBAE0016CF79 /* 7.JPG in Resources */,
				FDEB8E091D6B00B20016CF79 /* DetailViewController.xib in Resources */,
				FDEB8DF21D6AFBAE0016CF79 /* 2.jpg in Resources */,
				FDEB8DAA1D6AEDB30016CF79 /* Assets.xcassets in Resources */,
				FDEB8DF61D6AFBAE0016CF79 /* 6.JPG in Resources */,
				FDEB8DA81D6AEDB30016CF79 /* Main.storyboard in Resources */,
			);
			runOnlyForDeploymentPostprocessing = 0;
		};
		FDEB8DB11D6AEDB30016CF79 /* Resources */ = {
			isa = PBXResourcesBuildPhase;
			buildActionMask = 2147483647;
			files = (
			);
			runOnlyForDeploymentPostprocessing = 0;
		};
		FDEB8DBC1D6AEDB30016CF79 /* Resources */ = {
			isa = PBXResourcesBuildPhase;
			buildActionMask = 2147483647;
			files = (
			);
			runOnlyForDeploymentPostprocessing = 0;
		};
/* End PBXResourcesBuildPhase section */

/* Begin PBXSourcesBuildPhase section */
		FDEB8D961D6AEDB30016CF79 /* Sources */ = {
			isa = PBXSourcesBuildPhase;
			buildActionMask = 2147483647;
			files = (
				FDEB8E0D1D6B09390016CF79 /* CustomTransition.m in Sources */,
				FDEB8DD31D6AEDE20016CF79 /* ImageCollectionViewController.m in Sources */,
				FDEB8DA51D6AEDB30016CF79 /* ViewController.m in Sources */,
				FDEB8E021D6AFCF70016CF79 /* ImageCollectionViewCell.m in Sources */,
				FDEB8DA21D6AEDB30016CF79 /* AppDelegate.m in Sources */,
				FDEB8D9F1D6AEDB30016CF79 /* main.m in Sources */,
				FDEB8E081D6B00B20016CF79 /* DetailViewController.m in Sources */,
			);
			runOnlyForDeploymentPostprocessing = 0;
		};
		FDEB8DAF1D6AEDB30016CF79 /* Sources */ = {
			isa = PBXSourcesBuildPhase;
			buildActionMask = 2147483647;
			files = (
				FDEB8DB81D6AEDB30016CF79 /* CustomNavigationTransitionTests.m in Sources */,
			);
			runOnlyForDeploymentPostprocessing = 0;
		};
		FDEB8DBA1D6AEDB30016CF79 /* Sources */ = {
			isa = PBXSourcesBuildPhase;
			buildActionMask = 2147483647;
			files = (
				FDEB8DC31D6AEDB30016CF79 /* CustomNavigationTransitionUITests.m in Sources */,
			);
			runOnlyForDeploymentPostprocessing = 0;
		};
/* End PBXSourcesBuildPhase section */

/* Begin PBXTargetDependency section */
		FDEB8DB51D6AEDB30016CF79 /* PBXTargetDependency */ = {
			isa = PBXTargetDependency;
			target = FDEB8D991D6AEDB30016CF79 /* CustomNavigationTransition */;
			targetProxy = FDEB8DB41D6AEDB30016CF79 /* PBXContainerItemProxy */;
		};
		FDEB8DC01D6AEDB30016CF79 /* PBXTargetDependency */ = {
			isa = PBXTargetDependency;
			target = FDEB8D991D6AEDB30016CF79 /* CustomNavigationTransition */;
			targetProxy = FDEB8DBF1D6AEDB30016CF79 /* PBXContainerItemProxy */;
		};
/* End PBXTargetDependency section */

/* Begin PBXVariantGroup section */
		FDEB8DA61D6AEDB30016CF79 /* Main.storyboard */ = {
			isa = PBXVariantGroup;
			children = (
				FDEB8DA71D6AEDB30016CF79 /* Base */,
			);
			name = Main.storyboard;
			sourceTree = "<group>";
		};
		FDEB8DAB1D6AEDB30016CF79 /* LaunchScreen.storyboard */ = {
			isa = PBXVariantGroup;
			children = (
				FDEB8DAC1D6AEDB30016CF79 /* Base */,
			);
			name = LaunchScreen.storyboard;
			sourceTree = "<group>";
		};
/* End PBXVariantGroup section */

/* Begin XCBuildConfiguration section */
		FDEB8DC51D6AEDB30016CF79 /* Debug */ = {
			isa = XCBuildConfiguration;
			buildSettings = {
				ALWAYS_SEARCH_USER_PATHS = NO;
				CLANG_ANALYZER_NONNULL = YES;
				CLANG_CXX_LANGUAGE_STANDARD = "gnu++0x";
				CLANG_CXX_LIBRARY = "libc++";
				CLANG_ENABLE_MODULES = YES;
				CLANG_ENABLE_OBJC_ARC = YES;
				CLANG_WARN_BOOL_CONVERSION = YES;
				CLANG_WARN_CONSTANT_CONVERSION = YES;
				CLANG_WARN_DIRECT_OBJC_ISA_USAGE = YES_ERROR;
				CLANG_WARN_EMPTY_BODY = YES;
				CLANG_WARN_ENUM_CONVERSION = YES;
				CLANG_WARN_INT_CONVERSION = YES;
				CLANG_WARN_OBJC_ROOT_CLASS = YES_ERROR;
				CLANG_WARN_UNREACHABLE_CODE = YES;
				CLANG_WARN__DUPLICATE_METHOD_MATCH = YES;
				"CODE_SIGN_IDENTITY[sdk=iphoneos*]" = "iPhone Developer";
				COPY_PHASE_STRIP = NO;
				DEBUG_INFORMATION_FORMAT = dwarf;
				ENABLE_STRICT_OBJC_MSGSEND = YES;
				ENABLE_TESTABILITY = YES;
				GCC_C_LANGUAGE_STANDARD = gnu99;
				GCC_DYNAMIC_NO_PIC = NO;
				GCC_NO_COMMON_BLOCKS = YES;
				GCC_OPTIMIZATION_LEVEL = 0;
				GCC_PREPROCESSOR_DEFINITIONS = (
					"DEBUG=1",
					"$(inherited)",
				);
				GCC_WARN_64_TO_32_BIT_CONVERSION = YES;
				GCC_WARN_ABOUT_RETURN_TYPE = YES_ERROR;
				GCC_WARN_UNDECLARED_SELECTOR = YES;
				GCC_WARN_UNINITIALIZED_AUTOS = YES_AGGRESSIVE;
				GCC_WARN_UNUSED_FUNCTION = YES;
				GCC_WARN_UNUSED_VARIABLE = YES;
				IPHONEOS_DEPLOYMENT_TARGET = 9.3;
				MTL_ENABLE_DEBUG_INFO = YES;
				ONLY_ACTIVE_ARCH = YES;
				SDKROOT = iphoneos;
				TARGETED_DEVICE_FAMILY = "1,2";
			};
			name = Debug;
		};
		FDEB8DC61D6AEDB30016CF79 /* Release */ = {
			isa = XCBuildConfiguration;
			buildSettings = {
				ALWAYS_SEARCH_USER_PATHS = NO;
				CLANG_ANALYZER_NONNULL = YES;
				CLANG_CXX_LANGUAGE_STANDARD = "gnu++0x";
				CLANG_CXX_LIBRARY = "libc++";
				CLANG_ENABLE_MODULES = YES;
				CLANG_ENABLE_OBJC_ARC = YES;
				CLANG_WARN_BOOL_CONVERSION = YES;
				CLANG_WARN_CONSTANT_CONVERSION = YES;
				CLANG_WARN_DIRECT_OBJC_ISA_USAGE = YES_ERROR;
				CLANG_WARN_EMPTY_BODY = YES;
				CLANG_WARN_ENUM_CONVERSION = YES;
				CLANG_WARN_INT_CONVERSION = YES;
				CLANG_WARN_OBJC_ROOT_CLASS = YES_ERROR;
				CLANG_WARN_UNREACHABLE_CODE = YES;
				CLANG_WARN__DUPLICATE_METHOD_MATCH = YES;
				"CODE_SIGN_IDENTITY[sdk=iphoneos*]" = "iPhone Developer";
				COPY_PHASE_STRIP = NO;
				DEBUG_INFORMATION_FORMAT = "dwarf-with-dsym";
				ENABLE_NS_ASSERTIONS = NO;
				ENABLE_STRICT_OBJC_MSGSEND = YES;
				GCC_C_LANGUAGE_STANDARD = gnu99;
				GCC_NO_COMMON_BLOCKS = YES;
				GCC_WARN_64_TO_32_BIT_CONVERSION = YES;
				GCC_WARN_ABOUT_RETURN_TYPE = YES_ERROR;
				GCC_WARN_UNDECLARED_SELECTOR = YES;
				GCC_WARN_UNINITIALIZED_AUTOS = YES_AGGRESSIVE;
				GCC_WARN_UNUSED_FUNCTION = YES;
				GCC_WARN_UNUSED_VARIABLE = YES;
				IPHONEOS_DEPLOYMENT_TARGET = 9.3;
				MTL_ENABLE_DEBUG_INFO = NO;
				SDKROOT = iphoneos;
				TARGETED_DEVICE_FAMILY = "1,2";
				VALIDATE_PRODUCT = YES;
			};
			name = Release;
		};
		FDEB8DC81D6AEDB30016CF79 /* Debug */ = {
			isa = XCBuildConfiguration;
			buildSettings = {
				ASSETCATALOG_COMPILER_APPICON_NAME = AppIcon;
				INFOPLIST_FILE = CustomNavigationTransition/Info.plist;
				LD_RUNPATH_SEARCH_PATHS = "$(inherited) @executable_path/Frameworks";
				PRODUCT_BUNDLE_IDENTIFIER = com.headerlabs.CustomNavigationTransition;
				PRODUCT_NAME = "$(TARGET_NAME)";
			};
			name = Debug;
		};
		FDEB8DC91D6AEDB30016CF79 /* Release */ = {
			isa = XCBuildConfiguration;
			buildSettings = {
				ASSETCATALOG_COMPILER_APPICON_NAME = AppIcon;
				INFOPLIST_FILE = CustomNavigationTransition/Info.plist;
				LD_RUNPATH_SEARCH_PATHS = "$(inherited) @executable_path/Frameworks";
				PRODUCT_BUNDLE_IDENTIFIER = com.headerlabs.CustomNavigationTransition;
				PRODUCT_NAME = "$(TARGET_NAME)";
			};
			name = Release;
		};
		FDEB8DCB1D6AEDB30016CF79 /* Debug */ = {
			isa = XCBuildConfiguration;
			buildSettings = {
				BUNDLE_LOADER = "$(TEST_HOST)";
				INFOPLIST_FILE = CustomNavigationTransitionTests/Info.plist;
				LD_RUNPATH_SEARCH_PATHS = "$(inherited) @executable_path/Frameworks @loader_path/Frameworks";
				PRODUCT_BUNDLE_IDENTIFIER = com.headerlabs.CustomNavigationTransitionTests;
				PRODUCT_NAME = "$(TARGET_NAME)";
				TEST_HOST = "$(BUILT_PRODUCTS_DIR)/CustomNavigationTransition.app/CustomNavigationTransition";
			};
			name = Debug;
		};
		FDEB8DCC1D6AEDB30016CF79 /* Release */ = {
			isa = XCBuildConfiguration;
			buildSettings = {
				BUNDLE_LOADER = "$(TEST_HOST)";
				INFOPLIST_FILE = CustomNavigationTransitionTests/Info.plist;
				LD_RUNPATH_SEARCH_PATHS = "$(inherited) @executable_path/Frameworks @loader_path/Frameworks";
				PRODUCT_BUNDLE_IDENTIFIER = com.headerlabs.CustomNavigationTransitionTests;
				PRODUCT_NAME = "$(TARGET_NAME)";
				TEST_HOST = "$(BUILT_PRODUCTS_DIR)/CustomNavigationTransition.app/CustomNavigationTransition";
			};
			name = Release;
		};
		FDEB8DCE1D6AEDB30016CF79 /* Debug */ = {
			isa = XCBuildConfiguration;
			buildSettings = {
				INFOPLIST_FILE = CustomNavigationTransitionUITests/Info.plist;
				LD_RUNPATH_SEARCH_PATHS = "$(inherited) @executable_path/Frameworks @loader_path/Frameworks";
				PRODUCT_BUNDLE_IDENTIFIER = com.headerlabs.CustomNavigationTransitionUITests;
				PRODUCT_NAME = "$(TARGET_NAME)";
				TEST_TARGET_NAME = CustomNavigationTransition;
			};
			name = Debug;
		};
		FDEB8DCF1D6AEDB30016CF79 /* Release */ = {
			isa = XCBuildConfiguration;
			buildSettings = {
				INFOPLIST_FILE = CustomNavigationTransitionUITests/Info.plist;
				LD_RUNPATH_SEARCH_PATHS = "$(inherited) @executable_path/Frameworks @loader_path/Frameworks";
				PRODUCT_BUNDLE_IDENTIFIER = com.headerlabs.CustomNavigationTransitionUITests;
				PRODUCT_NAME = "$(TARGET_NAME)";
				TEST_TARGET_NAME = CustomNavigationTransition;
			};
			name = Release;
		};
/* End XCBuildConfiguration section */

/* Begin XCConfigurationList section */
		FDEB8D951D6AEDB30016CF79 /* Build configuration list for PBXProject "CustomNavigationTransition" */ = {
			isa = XCConfigurationList;
			buildConfigurations = (
				FDEB8DC51D6AEDB30016CF79 /* Debug */,
				FDEB8DC61D6AEDB30016CF79 /* Release */,
			);
			defaultConfigurationIsVisible = 0;
			defaultConfigurationName = Release;
		};
		FDEB8DC71D6AEDB30016CF79 /* Build configuration list for PBXNativeTarget "CustomNavigationTransition" */ = {
			isa = XCConfigurationList;
			buildConfigurations = (
				FDEB8DC81D6AEDB30016CF79 /* Debug */,
				FDEB8DC91D6AEDB30016CF79 /* Release */,
			);
			defaultConfigurationIsVisible = 0;
		};
		FDEB8DCA1D6AEDB30016CF79 /* Build configuration list for PBXNativeTarget "CustomNavigationTransitionTests" */ = {
			isa = XCConfigurationList;
			buildConfigurations = (
				FDEB8DCB1D6AEDB30016CF79 /* Debug */,
				FDEB8DCC1D6AEDB30016CF79 /* Release */,
			);
			defaultConfigurationIsVisible = 0;
		};
		FDEB8DCD1D6AEDB30016CF79 /* Build configuration list for PBXNativeTarget "CustomNavigationTransitionUITests" */ = {
			isa = XCConfigurationList;
			buildConfigurations = (
				FDEB8DCE1D6AEDB30016CF79 /* Debug */,
				FDEB8DCF1D6AEDB30016CF79 /* Release */,
			);
			defaultConfigurationIsVisible = 0;
		};
/* End XCConfigurationList section */
	};
	rootObject = FDEB8D921D6AEDB30016CF79 /* Project object */;
}
